
Microsoft Visual Studio Solution File, Format Version 12.00
# Visual Studio Version 17
VisualStudioVersion = 17.1.32407.343
MinimumVisualStudioVersion = 10.0.40219.1
Project("{9A19103F-16F7-4668-BE54-9A1E7A4F7556}") = "MegaDownloaderFinal", "MegaDownloaderFinal\MegaDownloaderFinal.csproj", "{CD3F00AA-371B-4770-9EE0-A1BB767C51E1}"
EndProject
Global
	GlobalSection(SolutionConfigurationPlatforms) = preSolution
		Debug|Any CPU = Debug|Any CPU
		Debug45|Any CPU = Debug45|Any CPU
		Debug461|Any CPU = Debug461|Any CPU
		Release|Any CPU = Release|Any CPU
		Release45|Any CPU = Release45|Any CPU
		Release461|Any CPU = Release461|Any CPU
	EndGlobalSection
	GlobalSection(ProjectConfigurationPlatforms) = postSolution
		{CD3F00AA-371B-4770-9EE0-A1BB767C51E1}.Debug|Any CPU.ActiveCfg = Debug|Any CPU
		{CD3F00AA-371B-4770-9EE0-A1BB767C51E1}.Debug|Any CPU.Build.0 = Debug|Any CPU
		{CD3F00AA-371B-4770-9EE0-A1BB767C51E1}.Debug45|Any CPU.ActiveCfg = Debug|Any CPU
		{CD3F00AA-371B-4770-9EE0-A1BB767C51E1}.Debug45|Any CPU.Build.0 = Debug|Any CPU
		{CD3F00AA-371B-4770-9EE0-A1BB767C51E1}.Debug461|Any CPU.ActiveCfg = Debug|Any CPU
		{CD3F00AA-371B-4770-9EE0-A1BB767C51E1}.Debug461|Any CPU.Build.0 = Debug|Any CPU
		{CD3F00AA-371B-4770-9EE0-A1BB767C51E1}.Release|Any CPU.ActiveCfg = Release|Any CPU
		{CD3F00AA-371B-4770-9EE0-A1BB767C51E1}.Release|Any CPU.Build.0 = Release|Any CPU
		{CD3F00AA-371B-4770-9EE0-A1BB767C51E1}.Release45|Any CPU.ActiveCfg = Release|Any CPU
		{CD3F00AA-371B-4770-9EE0-A1BB767C51E1}.Release45|Any CPU.Build.0 = Release|Any CPU
		{CD3F00AA-371B-4770-9EE0-A1BB767C51E1}.Release461|Any CPU.ActiveCfg = Release|Any CPU
		{CD3F00AA-371B-4770-9EE0-A1BB767C51E1}.Release461|Any CPU.Build.0 = Release|Any CPU
	EndGlobalSection
	GlobalSection(SolutionProperties) = preSolution
		HideSolutionNode = FALSE
	EndGlobalSection
	GlobalSection(ExtensibilityGlobals) = postSolution
		SolutionGuid = {3AB1D630-EF04-428B-9C34-B1AF6B99C559}
	EndGlobalSection
EndGlobal
